github.com/dimchansky/utfbom v1.1.1 h1:vV6w1AhK4VMnhBno/TPVCoK9U/LP0PkLCS9tbxHdi/U=
github.com/dimchansky/utfbom v1.1.1/go.mod h1:SxdoEBH5qIqFocHMyGOXVAybYJdr71b1Q/j0mACtrfE=
github.com/pootwaddle/mailenable/geolocate v0.0.0-20210524205010-92d5d091c6b2 h1:yKbcWERx5klfPhMT7+BH9YHLnSPJFArcaHouTLIqqVs=
github.com/pootwaddle/mailenable/geolocate v0.0.0-20210524205010-92d5d091c6b2/go.mod h1:GSOmresprTPf6uvFKChHQ5mjAsFixV1eY0vpY9UImqY=
github.com/pootwaddle/mailenable/scrubbing v0.0.0-20210524205010-92d5d091c6b2 h1:NhADb+OyWPtA4fjHlyyXChE0oTcNBb8Ptun7IPqwYto=
github.com/pootwaddle/mailenable/scrubbing v0.0.0-20210524205010-92d5d091c6b2/go.mod h1:Ch+4wzM3ONRnr61XnguJlVO59DDbwFV1i2sYI9MQmbg=
github.com/pootwaddle/mailenable/scrubbing v0.0.0-20210526033625-33e1d86bec20 h1:Qt+NYQxAfMS7UgZAqEVE8bTCFHG8bTlLJABGbuF+9lQ=
github.com/pootwaddle/mailenable/scrubbing v0.0.0-20210526033625-33e1d86bec20/go.mod h1:Ch+4wzM3ONRnr61XnguJlVO59DDbwFV1i2sYI9MQmbg=
github.com/romana/rlog v0.0.0-20171115192701-f018bc92e7d7 h1:jkvpcEatpwuMF5O5LVxTnehj6YZ/aEZN4NWD/Xml4pI=
github.com/romana/rlog v0.0.0-20171115192701-f018bc92e7d7/go.mod h1:KTrHyWpO1sevuXPZwyeZc72ddWRFqNSKDFl7uVWKpg0=
